// !$*UTF8*$!
{
	archiveVersion = 1;
	classes = {
	};
	objectVersion = 51;
	objects = {

/* Begin PBXBuildFile section */
		7F177562A4F1C5D47584DCCA /* Pods_Myint_Thidar_Customer.framework in Frameworks */ = {isa = PBXBuildFile; fileRef = 81642B00BBB2CFA7BA4C90CB /* Pods_Myint_Thidar_Customer.framework */; };
		B317CAB72408D45300046C22 /* SettingViewController.swift in Sources */ = {isa = PBXBuildFile; fileRef = B317CAB62408D45300046C22 /* SettingViewController.swift */; };
		B328D98B24050847007A3EB6 /* Meal.swift in Sources */ = {isa = PBXBuildFile; fileRef = B328D98A24050847007A3EB6 /* Meal.swift */; };
		B328D98D24050CDB007A3EB6 /* NotificationModel.swift in Sources */ = {isa = PBXBuildFile; fileRef = B328D98C24050CDB007A3EB6 /* NotificationModel.swift */; };
		B328D98F24050CF5007A3EB6 /* NotificationTableViewController.swift in Sources */ = {isa = PBXBuildFile; fileRef = B328D98E24050CF5007A3EB6 /* NotificationTableViewController.swift */; };
		B328D99124050D07007A3EB6 /* NotificationTableViewCell.swift in Sources */ = {isa = PBXBuildFile; fileRef = B328D99024050D07007A3EB6 /* NotificationTableViewCell.swift */; };
		B33C237B2407D37F0063D7EC /* TestViewController.swift in Sources */ = {isa = PBXBuildFile; fileRef = B33C237A2407D37F0063D7EC /* TestViewController.swift */; };
		B34DF0BB2404C7A600707471 /* Tab1ViewController.swift in Sources */ = {isa = PBXBuildFile; fileRef = B34DF0BA2404C7A600707471 /* Tab1ViewController.swift */; };
		B39133542403BB450063085C /* AppDelegate.swift in Sources */ = {isa = PBXBuildFile; fileRef = B39133532403BB450063085C /* AppDelegate.swift */; };
		B39133562403BB450063085C /* SceneDelegate.swift in Sources */ = {isa = PBXBuildFile; fileRef = B39133552403BB450063085C /* SceneDelegate.swift */; };
		B39133582403BB450063085C /* ViewController.swift in Sources */ = {isa = PBXBuildFile; fileRef = B39133572403BB450063085C /* ViewController.swift */; };
		B391335B2403BB450063085C /* Main.storyboard in Resources */ = {isa = PBXBuildFile; fileRef = B39133592403BB450063085C /* Main.storyboard */; };
		B391335D2403BB490063085C /* Assets.xcassets in Resources */ = {isa = PBXBuildFile; fileRef = B391335C2403BB490063085C /* Assets.xcassets */; };
		B39133602403BB490063085C /* LaunchScreen.storyboard in Resources */ = {isa = PBXBuildFile; fileRef = B391335E2403BB490063085C /* LaunchScreen.storyboard */; };
		B39601122404E4C200D7DEBB /* MealTableViewCell.swift in Sources */ = {isa = PBXBuildFile; fileRef = B39601112404E4C200D7DEBB /* MealTableViewCell.swift */; };
		B39601182404EA8A00D7DEBB /* MealTableViewController.swift in Sources */ = {isa = PBXBuildFile; fileRef = B39601172404EA8A00D7DEBB /* MealTableViewController.swift */; };
		B3A135A424062728004D805A /* GroupResponse.swift in Sources */ = {isa = PBXBuildFile; fileRef = B3A135A324062728004D805A /* GroupResponse.swift */; };
		B3DDD2F82407A3D9004AAE09 /* HistoryTableViewCell.swift in Sources */ = {isa = PBXBuildFile; fileRef = B3DDD2F72407A3D9004AAE09 /* HistoryTableViewCell.swift */; };
		B3DDD2FA2407A48C004AAE09 /* HistoryModel.swift in Sources */ = {isa = PBXBuildFile; fileRef = B3DDD2F92407A48C004AAE09 /* HistoryModel.swift */; };
		B3DDD3002407ADD8004AAE09 /* HistoryViewController.swift in Sources */ = {isa = PBXBuildFile; fileRef = B3DDD2FF2407ADD8004AAE09 /* HistoryViewController.swift */; };
		B3DDD3022407C407004AAE09 /* QrScannerViewController.swift in Sources */ = {isa = PBXBuildFile; fileRef = B3DDD3012407C407004AAE09 /* QrScannerViewController.swift */; };
/* End PBXBuildFile section */

/* Begin PBXFileReference section */
		034C39F21067E9DB83EFA839 /* Pods-Myint Thidar Customer.release.xcconfig */ = {isa = PBXFileReference; includeInIndex = 1; lastKnownFileType = text.xcconfig; name = "Pods-Myint Thidar Customer.release.xcconfig"; path = "Target Support Files/Pods-Myint Thidar Customer/Pods-Myint Thidar Customer.release.xcconfig"; sourceTree = "<group>"; };
		3F7A8F8FDF367CF38AB60214 /* Pods-Myint Thidar Customer.debug.xcconfig */ = {isa = PBXFileReference; includeInIndex = 1; lastKnownFileType = text.xcconfig; name = "Pods-Myint Thidar Customer.debug.xcconfig"; path = "Target Support Files/Pods-Myint Thidar Customer/Pods-Myint Thidar Customer.debug.xcconfig"; sourceTree = "<group>"; };
		81642B00BBB2CFA7BA4C90CB /* Pods_Myint_Thidar_Customer.framework */ = {isa = PBXFileReference; explicitFileType = wrapper.framework; includeInIndex = 0; path = Pods_Myint_Thidar_Customer.framework; sourceTree = BUILT_PRODUCTS_DIR; };
		B317CAB62408D45300046C22 /* SettingViewController.swift */ = {isa = PBXFileReference; lastKnownFileType = sourcecode.swift; path = SettingViewController.swift; sourceTree = "<group>"; };
		B328D98A24050847007A3EB6 /* Meal.swift */ = {isa = PBXFileReference; lastKnownFileType = sourcecode.swift; path = Meal.swift; sourceTree = "<group>"; };
		B328D98C24050CDB007A3EB6 /* NotificationModel.swift */ = {isa = PBXFileReference; lastKnownFileType = sourcecode.swift; path = NotificationModel.swift; sourceTree = "<group>"; };
		B328D98E24050CF5007A3EB6 /* NotificationTableViewController.swift */ = {isa = PBXFileReference; lastKnownFileType = sourcecode.swift; path = NotificationTableViewController.swift; sourceTree = "<group>"; };
		B328D99024050D07007A3EB6 /* NotificationTableViewCell.swift */ = {isa = PBXFileReference; lastKnownFileType = sourcecode.swift; path = NotificationTableViewCell.swift; sourceTree = "<group>"; };
		B33C237A2407D37F0063D7EC /* TestViewController.swift */ = {isa = PBXFileReference; lastKnownFileType = sourcecode.swift; path = TestViewController.swift; sourceTree = "<group>"; };
		B34DF0BA2404C7A600707471 /* Tab1ViewController.swift */ = {isa = PBXFileReference; lastKnownFileType = sourcecode.swift; path = Tab1ViewController.swift; sourceTree = "<group>"; };
		B39133502403BB450063085C /* Myint Thidar Customer.app */ = {isa = PBXFileReference; explicitFileType = wrapper.application; includeInIndex = 0; path = "Myint Thidar Customer.app"; sourceTree = BUILT_PRODUCTS_DIR; };
		B39133532403BB450063085C /* AppDelegate.swift */ = {isa = PBXFileReference; lastKnownFileType = sourcecode.swift; path = AppDelegate.swift; sourceTree = "<group>"; };
		B39133552403BB450063085C /* SceneDelegate.swift */ = {isa = PBXFileReference; lastKnownFileType = sourcecode.swift; path = SceneDelegate.swift; sourceTree = "<group>"; };
		B39133572403BB450063085C /* ViewController.swift */ = {isa = PBXFileReference; lastKnownFileType = sourcecode.swift; path = ViewController.swift; sourceTree = "<group>"; };
		B391335A2403BB450063085C /* Base */ = {isa = PBXFileReference; lastKnownFileType = file.storyboard; name = Base; path = Base.lproj/Main.storyboard; sourceTree = "<group>"; };
		B391335C2403BB490063085C /* Assets.xcassets */ = {isa = PBXFileReference; lastKnownFileType = folder.assetcatalog; path = Assets.xcassets; sourceTree = "<group>"; };
		B391335F2403BB490063085C /* Base */ = {isa = PBXFileReference; lastKnownFileType = file.storyboard; name = Base; path = Base.lproj/LaunchScreen.storyboard; sourceTree = "<group>"; };
		B39133612403BB490063085C /* Info.plist */ = {isa = PBXFileReference; lastKnownFileType = text.plist.xml; path = Info.plist; sourceTree = "<group>"; };
		B39601112404E4C200D7DEBB /* MealTableViewCell.swift */ = {isa = PBXFileReference; lastKnownFileType = sourcecode.swift; path = MealTableViewCell.swift; sourceTree = "<group>"; };
		B39601172404EA8A00D7DEBB /* MealTableViewController.swift */ = {isa = PBXFileReference; lastKnownFileType = sourcecode.swift; path = MealTableViewController.swift; sourceTree = "<group>"; };
		B3A135A324062728004D805A /* GroupResponse.swift */ = {isa = PBXFileReference; lastKnownFileType = sourcecode.swift; path = GroupResponse.swift; sourceTree = "<group>"; };
		B3DDD2F72407A3D9004AAE09 /* HistoryTableViewCell.swift */ = {isa = PBXFileReference; lastKnownFileType = sourcecode.swift; path = HistoryTableViewCell.swift; sourceTree = "<group>"; };
		B3DDD2F92407A48C004AAE09 /* HistoryModel.swift */ = {isa = PBXFileReference; lastKnownFileType = sourcecode.swift; path = HistoryModel.swift; sourceTree = "<group>"; };
		B3DDD2FF2407ADD8004AAE09 /* HistoryViewController.swift */ = {isa = PBXFileReference; lastKnownFileType = sourcecode.swift; path = HistoryViewController.swift; sourceTree = "<group>"; };
		B3DDD3012407C407004AAE09 /* QrScannerViewController.swift */ = {isa = PBXFileReference; lastKnownFileType = sourcecode.swift; path = QrScannerViewController.swift; sourceTree = "<group>"; };
/* End PBXFileReference section */

/* Begin PBXFrameworksBuildPhase section */
		B391334D2403BB450063085C /* Frameworks */ = {
			isa = PBXFrameworksBuildPhase;
			buildActionMask = 2147483647;
			files = (
				7F177562A4F1C5D47584DCCA /* Pods_Myint_Thidar_Customer.framework in Frameworks */,
			);
			runOnlyForDeploymentPostprocessing = 0;
		};
/* End PBXFrameworksBuildPhase section */

/* Begin PBXGroup section */
		790E7A320B6C8B7EFB452658 /* Pods */ = {
			isa = PBXGroup;
			children = (
				3F7A8F8FDF367CF38AB60214 /* Pods-Myint Thidar Customer.debug.xcconfig */,
				034C39F21067E9DB83EFA839 /* Pods-Myint Thidar Customer.release.xcconfig */,
			);
			path = Pods;
			sourceTree = "<group>";
		};
		9F684F613A88E3974D9344FC /* Frameworks */ = {
			isa = PBXGroup;
			children = (
				81642B00BBB2CFA7BA4C90CB /* Pods_Myint_Thidar_Customer.framework */,
			);
			name = Frameworks;
			sourceTree = "<group>";
		};
		B39133472403BB440063085C = {
			isa = PBXGroup;
			children = (
				B39133522403BB450063085C /* Myint Thidar Customer */,
				B39133512403BB450063085C /* Products */,
				790E7A320B6C8B7EFB452658 /* Pods */,
				9F684F613A88E3974D9344FC /* Frameworks */,
			);
			sourceTree = "<group>";
		};
		B39133512403BB450063085C /* Products */ = {
			isa = PBXGroup;
			children = (
				B39133502403BB450063085C /* Myint Thidar Customer.app */,
			);
			name = Products;
			sourceTree = "<group>";
		};
		B39133522403BB450063085C /* Myint Thidar Customer */ = {
			isa = PBXGroup;
			children = (
				B3A135A224062706004D805A /* Model */,
				B39133532403BB450063085C /* AppDelegate.swift */,
				B39133552403BB450063085C /* SceneDelegate.swift */,
				B39133572403BB450063085C /* ViewController.swift */,
				B39133592403BB450063085C /* Main.storyboard */,
				B3DDD3012407C407004AAE09 /* QrScannerViewController.swift */,
				B39601112404E4C200D7DEBB /* MealTableViewCell.swift */,
				B391335C2403BB490063085C /* Assets.xcassets */,
				B391335E2403BB490063085C /* LaunchScreen.storyboard */,
				B39133612403BB490063085C /* Info.plist */,
				B34DF0BA2404C7A600707471 /* Tab1ViewController.swift */,
				B39601172404EA8A00D7DEBB /* MealTableViewController.swift */,
				B328D98A24050847007A3EB6 /* Meal.swift */,
				B328D98C24050CDB007A3EB6 /* NotificationModel.swift */,
				B328D98E24050CF5007A3EB6 /* NotificationTableViewController.swift */,
				B328D99024050D07007A3EB6 /* NotificationTableViewCell.swift */,
				B3DDD2F72407A3D9004AAE09 /* HistoryTableViewCell.swift */,
				B317CAB62408D45300046C22 /* SettingViewController.swift */,
				B3DDD2FF2407ADD8004AAE09 /* HistoryViewController.swift */,
				B33C237A2407D37F0063D7EC /* TestViewController.swift */,
			);
			path = "Myint Thidar Customer";
			sourceTree = "<group>";
		};
		B3A135A224062706004D805A /* Model */ = {
			isa = PBXGroup;
			children = (
				B3A135A324062728004D805A /* GroupResponse.swift */,
				B3DDD2F92407A48C004AAE09 /* HistoryModel.swift */,
			);
			path = Model;
			sourceTree = "<group>";
		};
/* End PBXGroup section */

/* Begin PBXNativeTarget section */
		B391334F2403BB450063085C /* Myint Thidar Customer */ = {
			isa = PBXNativeTarget;
			buildConfigurationList = B39133642403BB490063085C /* Build configuration list for PBXNativeTarget "Myint Thidar Customer" */;
			buildPhases = (
				4EFC45138FE28D28C1062860 /* [CP] Check Pods Manifest.lock */,
				B391334C2403BB450063085C /* Sources */,
				B391334D2403BB450063085C /* Frameworks */,
				B391334E2403BB450063085C /* Resources */,
				5797C08C7D40CC0ACABD4149 /* [CP] Embed Pods Frameworks */,
			);
			buildRules = (
			);
			dependencies = (
			);
			name = "Myint Thidar Customer";
			productName = "Myint Thidar Customer";
			productReference = B39133502403BB450063085C /* Myint Thidar Customer.app */;
			productType = "com.apple.product-type.application";
		};
/* End PBXNativeTarget section */

/* Begin PBXProject section */
		B39133482403BB440063085C /* Project object */ = {
			isa = PBXProject;
			attributes = {
				LastSwiftUpdateCheck = 1130;
				LastUpgradeCheck = 1130;
				ORGANIZATIONNAME = Nanolabs;
				TargetAttributes = {
					B391334F2403BB450063085C = {
						CreatedOnToolsVersion = 11.3.1;
					};
				};
			};
			buildConfigurationList = B391334B2403BB440063085C /* Build configuration list for PBXProject "Myint Thidar Customer" */;
			compatibilityVersion = "Xcode 9.3";
			developmentRegion = en;
			hasScannedForEncodings = 0;
			knownRegions = (
				en,
				Base,
			);
			mainGroup = B39133472403BB440063085C;
			productRefGroup = B39133512403BB450063085C /* Products */;
			projectDirPath = "";
			projectRoot = "";
			targets = (
				B391334F2403BB450063085C /* Myint Thidar Customer */,
			);
		};
/* End PBXProject section */

/* Begin PBXResourcesBuildPhase section */
		B391334E2403BB450063085C /* Resources */ = {
			isa = PBXResourcesBuildPhase;
			buildActionMask = 2147483647;
			files = (
				B39133602403BB490063085C /* LaunchScreen.storyboard in Resources */,
				B391335D2403BB490063085C /* Assets.xcassets in Resources */,
				B391335B2403BB450063085C /* Main.storyboard in Resources */,
			);
			runOnlyForDeploymentPostprocessing = 0;
		};
/* End PBXResourcesBuildPhase section */

/* Begin PBXShellScriptBuildPhase section */
		4EFC45138FE28D28C1062860 /* [CP] Check Pods Manifest.lock */ = {
			isa = PBXShellScriptBuildPhase;
			buildActionMask = 2147483647;
			files = (
			);
			inputFileListPaths = (
			);
			inputPaths = (
				"${PODS_PODFILE_DIR_PATH}/Podfile.lock",
				"${PODS_ROOT}/Manifest.lock",
			);
			name = "[CP] Check Pods Manifest.lock";
			outputFileListPaths = (
			);
			outputPaths = (
				"$(DERIVED_FILE_DIR)/Pods-Myint Thidar Customer-checkManifestLockResult.txt",
			);
			runOnlyForDeploymentPostprocessing = 0;
			shellPath = /bin/sh;
			shellScript = "diff \"${PODS_PODFILE_DIR_PATH}/Podfile.lock\" \"${PODS_ROOT}/Manifest.lock\" > /dev/null\nif [ $? != 0 ] ; then\n    # print error to STDERR\n    echo \"error: The sandbox is not in sync with the Podfile.lock. Run 'pod install' or update your CocoaPods installation.\" >&2\n    exit 1\nfi\n# This output is used by Xcode 'outputs' to avoid re-running this script phase.\necho \"SUCCESS\" > \"${SCRIPT_OUTPUT_FILE_0}\"\n";
			showEnvVarsInLog = 0;
		};
		5797C08C7D40CC0ACABD4149 /* [CP] Embed Pods Frameworks */ = {
			isa = PBXShellScriptBuildPhase;
			buildActionMask = 2147483647;
			files = (
			);
			inputFileListPaths = (
				"${PODS_ROOT}/Target Support Files/Pods-Myint Thidar Customer/Pods-Myint Thidar Customer-frameworks-${CONFIGURATION}-input-files.xcfilelist",
			);
			name = "[CP] Embed Pods Frameworks";
			outputFileListPaths = (
				"${PODS_ROOT}/Target Support Files/Pods-Myint Thidar Customer/Pods-Myint Thidar Customer-frameworks-${CONFIGURATION}-output-files.xcfilelist",
			);
			runOnlyForDeploymentPostprocessing = 0;
			shellPath = /bin/sh;
			shellScript = "\"${PODS_ROOT}/Target Support Files/Pods-Myint Thidar Customer/Pods-Myint Thidar Customer-frameworks.sh\"\n";
			showEnvVarsInLog = 0;
		};
/* End PBXShellScriptBuildPhase section */

/* Begin PBXSourcesBuildPhase section */
		B391334C2403BB450063085C /* Sources */ = {
			isa = PBXSourcesBuildPhase;
			buildActionMask = 2147483647;
			files = (
				B328D98F24050CF5007A3EB6 /* NotificationTableViewController.swift in Sources */,
				B39133582403BB450063085C /* ViewController.swift in Sources */,
				B33C237B2407D37F0063D7EC /* TestViewController.swift in Sources */,
				B3DDD2F82407A3D9004AAE09 /* HistoryTableViewCell.swift in Sources */,
				B3DDD3002407ADD8004AAE09 /* HistoryViewController.swift in Sources */,
				B317CAB72408D45300046C22 /* SettingViewController.swift in Sources */,
				B39133542403BB450063085C /* AppDelegate.swift in Sources */,
				B328D98D24050CDB007A3EB6 /* NotificationModel.swift in Sources */,
				B328D98B24050847007A3EB6 /* Meal.swift in Sources */,
				B34DF0BB2404C7A600707471 /* Tab1ViewController.swift in Sources */,
				B3DDD3022407C407004AAE09 /* QrScannerViewController.swift in Sources */,
				B3A135A424062728004D805A /* GroupResponse.swift in Sources */,
				B328D99124050D07007A3EB6 /* NotificationTableViewCell.swift in Sources */,
				B39133562403BB450063085C /* SceneDelegate.swift in Sources */,
				B39601182404EA8A00D7DEBB /* MealTableViewController.swift in Sources */,
				B3DDD2FA2407A48C004AAE09 /* HistoryModel.swift in Sources */,
				B39601122404E4C200D7DEBB /* MealTableViewCell.swift in Sources */,
			);
			runOnlyForDeploymentPostprocessing = 0;
		};
/* End PBXSourcesBuildPhase section */

/* Begin PBXVariantGroup section */
		B39133592403BB450063085C /* Main.storyboard */ = {
			isa = PBXVariantGroup;
			children = (
				B391335A2403BB450063085C /* Base */,
			);
			name = Main.storyboard;
			sourceTree = "<group>";
		};
		B391335E2403BB490063085C /* LaunchScreen.storyboard */ = {
			isa = PBXVariantGroup;
			children = (
				B391335F2403BB490063085C /* Base */,
			);
			name = LaunchScreen.storyboard;
			sourceTree = "<group>";
		};
/* End PBXVariantGroup section */

/* Begin XCBuildConfiguration section */
		B39133622403BB490063085C /* Debug */ = {
			isa = XCBuildConfiguration;
			buildSettings = {
				ALWAYS_SEARCH_USER_PATHS = NO;
				CLANG_ANALYZER_NONNULL = YES;
				CLANG_ANALYZER_NUMBER_OBJECT_CONVERSION = YES_AGGRESSIVE;
				CLANG_CXX_LANGUAGE_STANDARD = "gnu++14";
				CLANG_CXX_LIBRARY = "libc++";
				CLANG_ENABLE_MODULES = YES;
				CLANG_ENABLE_OBJC_ARC = YES;
				CLANG_ENABLE_OBJC_WEAK = YES;
				CLANG_WARN_BLOCK_CAPTURE_AUTORELEASING = YES;
				CLANG_WARN_BOOL_CONVERSION = YES;
				CLANG_WARN_COMMA = YES;
				CLANG_WARN_CONSTANT_CONVERSION = YES;
				CLANG_WARN_DEPRECATED_OBJC_IMPLEMENTATIONS = YES;
				CLANG_WARN_DIRECT_OBJC_ISA_USAGE = YES_ERROR;
				CLANG_WARN_DOCUMENTATION_COMMENTS = YES;
				CLANG_WARN_EMPTY_BODY = YES;
				CLANG_WARN_ENUM_CONVERSION = YES;
				CLANG_WARN_INFINITE_RECURSION = YES;
				CLANG_WARN_INT_CONVERSION = YES;
				CLANG_WARN_NON_LITERAL_NULL_CONVERSION = YES;
				CLANG_WARN_OBJC_IMPLICIT_RETAIN_SELF = YES;
				CLANG_WARN_OBJC_LITERAL_CONVERSION = YES;
				CLANG_WARN_OBJC_ROOT_CLASS = YES_ERROR;
				CLANG_WARN_RANGE_LOOP_ANALYSIS = YES;
				CLANG_WARN_STRICT_PROTOTYPES = YES;
				CLANG_WARN_SUSPICIOUS_MOVE = YES;
				CLANG_WARN_UNGUARDED_AVAILABILITY = YES_AGGRESSIVE;
				CLANG_WARN_UNREACHABLE_CODE = YES;
				CLANG_WARN__DUPLICATE_METHOD_MATCH = YES;
				COPY_PHASE_STRIP = NO;
				DEBUG_INFORMATION_FORMAT = dwarf;
				ENABLE_STRICT_OBJC_MSGSEND = YES;
				ENABLE_TESTABILITY = YES;
				GCC_C_LANGUAGE_STANDARD = gnu11;
				GCC_DYNAMIC_NO_PIC = NO;
				GCC_NO_COMMON_BLOCKS = YES;
				GCC_OPTIMIZATION_LEVEL = 0;
				GCC_PREPROCESSOR_DEFINITIONS = (
					"DEBUG=1",
					"$(inherited)",
				);
				GCC_WARN_64_TO_32_BIT_CONVERSION = YES;
				GCC_WARN_ABOUT_RETURN_TYPE = YES_ERROR;
				GCC_WARN_UNDECLARED_SELECTOR = YES;
				GCC_WARN_UNINITIALIZED_AUTOS = YES_AGGRESSIVE;
				GCC_WARN_UNUSED_FUNCTION = YES;
				GCC_WARN_UNUSED_VARIABLE = YES;
				IPHONEOS_DEPLOYMENT_TARGET = 13.2;
				MTL_ENABLE_DEBUG_INFO = INCLUDE_SOURCE;
				MTL_FAST_MATH = YES;
				ONLY_ACTIVE_ARCH = YES;
				SDKROOT = iphoneos;
				SWIFT_ACTIVE_COMPILATION_CONDITIONS = DEBUG;
				SWIFT_OPTIMIZATION_LEVEL = "-Onone";
			};
			name = Debug;
		};
		B39133632403BB490063085C /* Release */ = {
			isa = XCBuildConfiguration;
			buildSettings = {
				ALWAYS_SEARCH_USER_PATHS = NO;
				CLANG_ANALYZER_NONNULL = YES;
				CLANG_ANALYZER_NUMBER_OBJECT_CONVERSION = YES_AGGRESSIVE;
				CLANG_CXX_LANGUAGE_STANDARD = "gnu++14";
				CLANG_CXX_LIBRARY = "libc++";
				CLANG_ENABLE_MODULES = YES;
				CLANG_ENABLE_OBJC_ARC = YES;
				CLANG_ENABLE_OBJC_WEAK = YES;
				CLANG_WARN_BLOCK_CAPTURE_AUTORELEASING = YES;
				CLANG_WARN_BOOL_CONVERSION = YES;
				CLANG_WARN_COMMA = YES;
				CLANG_WARN_CONSTANT_CONVERSION = YES;
				CLANG_WARN_DEPRECATED_OBJC_IMPLEMENTATIONS = YES;
				CLANG_WARN_DIRECT_OBJC_ISA_USAGE = YES_ERROR;
				CLANG_WARN_DOCUMENTATION_COMMENTS = YES;
				CLANG_WARN_EMPTY_BODY = YES;
				CLANG_WARN_ENUM_CONVERSION = YES;
				CLANG_WARN_INFINITE_RECURSION = YES;
				CLANG_WARN_INT_CONVERSION = YES;
				CLANG_WARN_NON_LITERAL_NULL_CONVERSION = YES;
				CLANG_WARN_OBJC_IMPLICIT_RETAIN_SELF = YES;
				CLANG_WARN_OBJC_LITERAL_CONVERSION = YES;
				CLANG_WARN_OBJC_ROOT_CLASS = YES_ERROR;
				CLANG_WARN_RANGE_LOOP_ANALYSIS = YES;
				CLANG_WARN_STRICT_PROTOTYPES = YES;
				CLANG_WARN_SUSPICIOUS_MOVE = YES;
				CLANG_WARN_UNGUARDED_AVAILABILITY = YES_AGGRESSIVE;
				CLANG_WARN_UNREACHABLE_CODE = YES;
				CLANG_WARN__DUPLICATE_METHOD_MATCH = YES;
				COPY_PHASE_STRIP = NO;
				DEBUG_INFORMATION_FORMAT = "dwarf-with-dsym";
				ENABLE_NS_ASSERTIONS = NO;
				ENABLE_STRICT_OBJC_MSGSEND = YES;
				GCC_C_LANGUAGE_STANDARD = gnu11;
				GCC_NO_COMMON_BLOCKS = YES;
				GCC_WARN_64_TO_32_BIT_CONVERSION = YES;
				GCC_WARN_ABOUT_RETURN_TYPE = YES_ERROR;
				GCC_WARN_UNDECLARED_SELECTOR = YES;
				GCC_WARN_UNINITIALIZED_AUTOS = YES_AGGRESSIVE;
				GCC_WARN_UNUSED_FUNCTION = YES;
				GCC_WARN_UNUSED_VARIABLE = YES;
				IPHONEOS_DEPLOYMENT_TARGET = 13.2;
				MTL_ENABLE_DEBUG_INFO = NO;
				MTL_FAST_MATH = YES;
				SDKROOT = iphoneos;
				SWIFT_COMPILATION_MODE = wholemodule;
				SWIFT_OPTIMIZATION_LEVEL = "-O";
				VALIDATE_PRODUCT = YES;
			};
			name = Release;
		};
		B39133652403BB490063085C /* Debug */ = {
			isa = XCBuildConfiguration;
			baseConfigurationReference = 3F7A8F8FDF367CF38AB60214 /* Pods-Myint Thidar Customer.debug.xcconfig */;
			buildSettings = {
				ASSETCATALOG_COMPILER_APPICON_NAME = AppIcon;
				CODE_SIGN_STYLE = Automatic;
				INFOPLIST_FILE = "Myint Thidar Customer/Info.plist";
				LD_RUNPATH_SEARCH_PATHS = (
					"$(inherited)",
					"@executable_path/Frameworks",
				);
				PRODUCT_BUNDLE_IDENTIFIER = "minhtootintaung.Myint-Thidar-Customer";
				PRODUCT_NAME = "$(TARGET_NAME)";
				SWIFT_VERSION = 5.0;
				TARGETED_DEVICE_FAMILY = "1,2";
			};
			name = Debug;
		};
		B39133662403BB490063085C /* Release */ = {
			isa = XCBuildConfiguration;
			baseConfigurationReference = 034C39F21067E9DB83EFA839 /* Pods-Myint Thidar Customer.release.xcconfig */;
			buildSettings = {
				ASSETCATALOG_COMPILER_APPICON_NAME = AppIcon;
				CODE_SIGN_STYLE = Automatic;
				INFOPLIST_FILE = "Myint Thidar Customer/Info.plist";
				LD_RUNPATH_SEARCH_PATHS = (
					"$(inherited)",
					"@executable_path/Frameworks",
				);
				PRODUCT_BUNDLE_IDENTIFIER = "minhtootintaung.Myint-Thidar-Customer";
				PRODUCT_NAME = "$(TARGET_NAME)";
				SWIFT_VERSION = 5.0;
				TARGETED_DEVICE_FAMILY = "1,2";
			};
			name = Release;
		};
/* End XCBuildConfiguration section */

/* Begin XCConfigurationList section */
		B391334B2403BB440063085C /* Build configuration list for PBXProject "Myint Thidar Customer" */ = {
			isa = XCConfigurationList;
			buildConfigurations = (
				B39133622403BB490063085C /* Debug */,
				B39133632403BB490063085C /* Release */,
			);
			defaultConfigurationIsVisible = 0;
			defaultConfigurationName = Release;
		};
		B39133642403BB490063085C /* Build configuration list for PBXNativeTarget "Myint Thidar Customer" */ = {
			isa = XCConfigurationList;
			buildConfigurations = (
				B39133652403BB490063085C /* Debug */,
				B39133662403BB490063085C /* Release */,
			);
			defaultConfigurationIsVisible = 0;
			defaultConfigurationName = Release;
		};
/* End XCConfigurationList section */
	};
	rootObject = B39133482403BB440063085C /* Project object */;
}
